
Microsoft Visual Studio Solution File, Format Version 12.00
# Visual Studio Version 17
VisualStudioVersion = 17.2.32516.85
MinimumVisualStudioVersion = 10.0.40219.1
Project("{FAE04EC0-301F-11D3-BF4B-00C04F79EFBC}") = "StaticExercise", "StaticExercise.csproj", "{3A5A4DE6-6EFF-432D-B0D3-1FD77E970D4A}"
EndProject
Global
	GlobalSection(SolutionConfigurationPlatforms) = preSolution
		Debug|Any CPU = Debug|Any CPU
		Release|Any CPU = Release|Any CPU
	EndGlobalSection
	GlobalSection(ProjectConfigurationPlatforms) = postSolution
		{3A5A4DE6-6EFF-432D-B0D3-1FD77E970D4A}.Debug|Any CPU.ActiveCfg = Debug|Any CPU
		{3A5A4DE6-6EFF-432D-B0D3-1FD77E970D4A}.Debug|Any CPU.Build.0 = Debug|Any CPU
		{3A5A4DE6-6EFF-432D-B0D3-1FD77E970D4A}.Release|Any CPU.ActiveCfg = Release|Any CPU
		{3A5A4DE6-6EFF-432D-B0D3-1FD77E970D4A}.Release|Any CPU.Build.0 = Release|Any CPU
	EndGlobalSection
	GlobalSection(SolutionProperties) = preSolution
		HideSolutionNode = FALSE
	EndGlobalSection
	GlobalSection(ExtensibilityGlobals) = postSolution
		SolutionGuid = {9FDFBC8F-C3EE-439A-9022-433E8A228742}
	EndGlobalSection
EndGlobal
